
Microsoft Visual Studio Solution File, Format Version 12.00
# Visual Studio Version 16
VisualStudioVersion = 16.0.30907.101
MinimumVisualStudioVersion = 10.0.40219.1
Project("{9A19103F-16F7-4668-BE54-9A1E7A4F7556}") = "BlazorAppWebRTC", "BlazorAppWebRTC\BlazorAppWebRTC.csproj", "{0F359D7D-AD20-4CF5-81FD-F04894764282}"
EndProject
Project("{9A19103F-16F7-4668-BE54-9A1E7A4F7556}") = "Blazor.WebRTC", "WebRTC\Blazor.WebRTC.csproj", "{02797652-D6A8-4630-96EC-DC608690B73A}"
EndProject
Project("{FAE04EC0-301F-11D3-BF4B-00C04F79EFBC}") = "BlazorAppWasmWebRTC", "BlazorAppWasmWebRTC\BlazorAppWasmWebRTC.csproj", "{04A6A76E-23F9-49FA-BFAA-FDF146BB3FEE}"
EndProject
Global
	GlobalSection(SolutionConfigurationPlatforms) = preSolution
		Debug|Any CPU = Debug|Any CPU
		Release|Any CPU = Release|Any CPU
	EndGlobalSection
	GlobalSection(ProjectConfigurationPlatforms) = postSolution
		{0F359D7D-AD20-4CF5-81FD-F04894764282}.Debug|Any CPU.ActiveCfg = Debug|Any CPU
		{0F359D7D-AD20-4CF5-81FD-F04894764282}.Debug|Any CPU.Build.0 = Debug|Any CPU
		{0F359D7D-AD20-4CF5-81FD-F04894764282}.Release|Any CPU.ActiveCfg = Release|Any CPU
		{0F359D7D-AD20-4CF5-81FD-F04894764282}.Release|Any CPU.Build.0 = Release|Any CPU
		{02797652-D6A8-4630-96EC-DC608690B73A}.Debug|Any CPU.ActiveCfg = Debug|Any CPU
		{02797652-D6A8-4630-96EC-DC608690B73A}.Debug|Any CPU.Build.0 = Debug|Any CPU
		{02797652-D6A8-4630-96EC-DC608690B73A}.Release|Any CPU.ActiveCfg = Release|Any CPU
		{02797652-D6A8-4630-96EC-DC608690B73A}.Release|Any CPU.Build.0 = Release|Any CPU
		{04A6A76E-23F9-49FA-BFAA-FDF146BB3FEE}.Debug|Any CPU.ActiveCfg = Debug|Any CPU
		{04A6A76E-23F9-49FA-BFAA-FDF146BB3FEE}.Debug|Any CPU.Build.0 = Debug|Any CPU
		{04A6A76E-23F9-49FA-BFAA-FDF146BB3FEE}.Release|Any CPU.ActiveCfg = Release|Any CPU
		{04A6A76E-23F9-49FA-BFAA-FDF146BB3FEE}.Release|Any CPU.Build.0 = Release|Any CPU
	EndGlobalSection
	GlobalSection(SolutionProperties) = preSolution
		HideSolutionNode = FALSE
	EndGlobalSection
	GlobalSection(ExtensibilityGlobals) = postSolution
		SolutionGuid = {A15909C7-714A-42C7-9A94-47AAEE2FA635}
	EndGlobalSection
EndGlobal
