
Microsoft Visual Studio Solution File, Format Version 12.00
# Visual Studio Version 16
VisualStudioVersion = 16.0.31005.135
MinimumVisualStudioVersion = 10.0.40219.1
Project("{9A19103F-16F7-4668-BE54-9A1E7A4F7556}") = "System.Net.WebRTC", "System.Net.WebRTC\System.Net.WebRTC.csproj", "{A29F6397-6A67-42AC-A98C-09CAEC134F2F}"
EndProject
Project("{9A19103F-16F7-4668-BE54-9A1E7A4F7556}") = "BlazorWebRTCTest", "BlazorWebRTCTest\BlazorWebRTCTest.csproj", "{602FD1E3-9B37-4297-A009-29F5B0449167}"
EndProject
Global
	GlobalSection(SolutionConfigurationPlatforms) = preSolution
		Debug|Any CPU = Debug|Any CPU
		Release|Any CPU = Release|Any CPU
	EndGlobalSection
	GlobalSection(ProjectConfigurationPlatforms) = postSolution
		{A29F6397-6A67-42AC-A98C-09CAEC134F2F}.Debug|Any CPU.ActiveCfg = Debug|Any CPU
		{A29F6397-6A67-42AC-A98C-09CAEC134F2F}.Debug|Any CPU.Build.0 = Debug|Any CPU
		{A29F6397-6A67-42AC-A98C-09CAEC134F2F}.Release|Any CPU.ActiveCfg = Release|Any CPU
		{A29F6397-6A67-42AC-A98C-09CAEC134F2F}.Release|Any CPU.Build.0 = Release|Any CPU
		{602FD1E3-9B37-4297-A009-29F5B0449167}.Debug|Any CPU.ActiveCfg = Debug|Any CPU
		{602FD1E3-9B37-4297-A009-29F5B0449167}.Debug|Any CPU.Build.0 = Debug|Any CPU
		{602FD1E3-9B37-4297-A009-29F5B0449167}.Release|Any CPU.ActiveCfg = Release|Any CPU
		{602FD1E3-9B37-4297-A009-29F5B0449167}.Release|Any CPU.Build.0 = Release|Any CPU
	EndGlobalSection
	GlobalSection(SolutionProperties) = preSolution
		HideSolutionNode = FALSE
	EndGlobalSection
	GlobalSection(ExtensibilityGlobals) = postSolution
		SolutionGuid = {08D5BF29-8B64-4D04-A6DD-68614555F001}
	EndGlobalSection
EndGlobal
